
Microsoft Visual Studio Solution File, Format Version 12.00
# Visual Studio Version 17
VisualStudioVersion = 17.14.37216.2 d17.14
MinimumVisualStudioVersion = 10.0.40219.1
Project("{FAE04EC0-301F-11D3-BF4B-00C04F79EFBC}") = "ProjetoUniversidade", "ProjetoUniversidade\ProjetoUniversidade.csproj", "{0368441F-DE9F-4BFF-BDA5-5DC25D3A0829}"
EndProject
Global
	GlobalSection(SolutionConfigurationPlatforms) = preSolution
		Debug|Any CPU = Debug|Any CPU
		Release|Any CPU = Release|Any CPU
	EndGlobalSection
	GlobalSection(ProjectConfigurationPlatforms) = postSolution
		{0368441F-DE9F-4BFF-BDA5-5DC25D3A0829}.Debug|Any CPU.ActiveCfg = Debug|Any CPU
		{0368441F-DE9F-4BFF-BDA5-5DC25D3A0829}.Debug|Any CPU.Build.0 = Debug|Any CPU
		{0368441F-DE9F-4BFF-BDA5-5DC25D3A0829}.Release|Any CPU.ActiveCfg = Release|Any CPU
		{0368441F-DE9F-4BFF-BDA5-5DC25D3A0829}.Release|Any CPU.Build.0 = Release|Any CPU
	EndGlobalSection
	GlobalSection(SolutionProperties) = preSolution
		HideSolutionNode = FALSE
	EndGlobalSection
	GlobalSection(ExtensibilityGlobals) = postSolution
		SolutionGuid = {E97375FD-5F70-41A2-99BA-C39A85B0CD04}
	EndGlobalSection
EndGlobal
